
Microsoft Visual Studio Solution File, Format Version 12.00
# Visual Studio Version 17
VisualStudioVersion = 17.3.32825.248
MinimumVisualStudioVersion = 10.0.40219.1
Project("{8BC9CEB8-8B4A-11D0-8D11-00A0C91BC942}") = "UAJProyecto", "projects\UAJProyecto.vcxproj", "{2412CE63-EB3A-444F-8386-0B1621EF189A}"
EndProject
Project("{8BC9CEB8-8B4A-11D0-8D11-00A0C91BC942}") = "Input", "Input\Input.vcxproj", "{4E76956F-8E27-471C-BDA1-3FD1AA20F190}"
	ProjectSection(ProjectDependencies) = postProject
		{2412CE63-EB3A-444F-8386-0B1621EF189A} = {2412CE63-EB3A-444F-8386-0B1621EF189A}
	EndProjectSection
EndProject
Global
	GlobalSection(SolutionConfigurationPlatforms) = preSolution
		Debug|x64 = Debug|x64
		Debug|x86 = Debug|x86
		Release|x64 = Release|x64
		Release|x86 = Release|x86
	EndGlobalSection
	GlobalSection(ProjectConfigurationPlatforms) = postSolution
		{2412CE63-EB3A-444F-8386-0B1621EF189A}.Debug|x64.ActiveCfg = Debug|x64
		{2412CE63-EB3A-444F-8386-0B1621EF189A}.Debug|x64.Build.0 = Debug|x64
		{2412CE63-EB3A-444F-8386-0B1621EF189A}.Debug|x86.ActiveCfg = Debug|x64
		{2412CE63-EB3A-444F-8386-0B1621EF189A}.Debug|x86.Build.0 = Debug|x64
		{2412CE63-EB3A-444F-8386-0B1621EF189A}.Release|x64.ActiveCfg = Release|x64
		{2412CE63-EB3A-444F-8386-0B1621EF189A}.Release|x64.Build.0 = Release|x64
		{2412CE63-EB3A-444F-8386-0B1621EF189A}.Release|x86.ActiveCfg = Release|x64
		{2412CE63-EB3A-444F-8386-0B1621EF189A}.Release|x86.Build.0 = Release|x64
		{4E76956F-8E27-471C-BDA1-3FD1AA20F190}.Debug|x64.ActiveCfg = Debug|x64
		{4E76956F-8E27-471C-BDA1-3FD1AA20F190}.Debug|x64.Build.0 = Debug|x64
		{4E76956F-8E27-471C-BDA1-3FD1AA20F190}.Debug|x86.ActiveCfg = Debug|Win32
		{4E76956F-8E27-471C-BDA1-3FD1AA20F190}.Debug|x86.Build.0 = Debug|Win32
		{4E76956F-8E27-471C-BDA1-3FD1AA20F190}.Release|x64.ActiveCfg = Release|x64
		{4E76956F-8E27-471C-BDA1-3FD1AA20F190}.Release|x64.Build.0 = Release|x64
		{4E76956F-8E27-471C-BDA1-3FD1AA20F190}.Release|x86.ActiveCfg = Release|Win32
		{4E76956F-8E27-471C-BDA1-3FD1AA20F190}.Release|x86.Build.0 = Release|Win32
	EndGlobalSection
	GlobalSection(SolutionProperties) = preSolution
		HideSolutionNode = FALSE
	EndGlobalSection
	GlobalSection(ExtensibilityGlobals) = postSolution
		SolutionGuid = {5B20F3E2-D730-4371-B9DA-D62FD5E1B960}
	EndGlobalSection
EndGlobal
