
Microsoft Visual Studio Solution File, Format Version 12.00
# Visual Studio Version 17
VisualStudioVersion = 17.3.32819.101
MinimumVisualStudioVersion = 10.0.40219.1
Project("{FAE04EC0-301F-11D3-BF4B-00C04F79EFBC}") = "UnityControllerEmulator", "UnityControllerEmulator\UnityControllerEmulator.csproj", "{70DE930F-A02F-42B3-ACC2-9D21468E0068}"
EndProject
Global
	GlobalSection(SolutionConfigurationPlatforms) = preSolution
		Debug|Any CPU = Debug|Any CPU
		Release|Any CPU = Release|Any CPU
	EndGlobalSection
	GlobalSection(ProjectConfigurationPlatforms) = postSolution
		{70DE930F-A02F-42B3-ACC2-9D21468E0068}.Debug|Any CPU.ActiveCfg = Debug|Any CPU
		{70DE930F-A02F-42B3-ACC2-9D21468E0068}.Debug|Any CPU.Build.0 = Debug|Any CPU
		{70DE930F-A02F-42B3-ACC2-9D21468E0068}.Release|Any CPU.ActiveCfg = Release|Any CPU
		{70DE930F-A02F-42B3-ACC2-9D21468E0068}.Release|Any CPU.Build.0 = Release|Any CPU
	EndGlobalSection
	GlobalSection(SolutionProperties) = preSolution
		HideSolutionNode = FALSE
	EndGlobalSection
	GlobalSection(ExtensibilityGlobals) = postSolution
		SolutionGuid = {CD5B2929-A2BB-4341-A70F-DD68A89293C5}
	EndGlobalSection
EndGlobal
